// !$*UTF8*$!
{
	archiveVersion = 1;
	classes = {
	};
	objectVersion = 46;
	objects = {

/* Begin PBXBuildFile section */
		52070BC01D783EA000F68074 /* AppDelegate.swift in Sources */ = {isa = PBXBuildFile; fileRef = 52070BBF1D783EA000F68074 /* AppDelegate.swift */; };
		52070BC21D783EA000F68074 /* ViewController.swift in Sources */ = {isa = PBXBuildFile; fileRef = 52070BC11D783EA000F68074 /* ViewController.swift */; };
		52070BC51D783EA000F68074 /* Main.storyboard in Resources */ = {isa = PBXBuildFile; fileRef = 52070BC31D783EA000F68074 /* Main.storyboard */; };
		52070BC71D783EA000F68074 /* Assets.xcassets in Resources */ = {isa = PBXBuildFile; fileRef = 52070BC61D783EA000F68074 /* Assets.xcassets */; };
		52070BCA1D783EA000F68074 /* LaunchScreen.storyboard in Resources */ = {isa = PBXBuildFile; fileRef = 52070BC81D783EA000F68074 /* LaunchScreen.storyboard */; };
		5244DCA81D944F1800682332 /* bite.wav in Resources */ = {isa = PBXBuildFile; fileRef = 5244DCA31D944F1800682332 /* bite.wav */; };
		5244DCA91D944F1800682332 /* cave-music.mp3 in Resources */ = {isa = PBXBuildFile; fileRef = 5244DCA41D944F1800682332 /* cave-music.mp3 */; };
		5244DCAA1D944F1800682332 /* death.wav in Resources */ = {isa = PBXBuildFile; fileRef = 5244DCA51D944F1800682332 /* death.wav */; };
		5244DCAB1D944F1800682332 /* heart.wav in Resources */ = {isa = PBXBuildFile; fileRef = 5244DCA61D944F1800682332 /* heart.wav */; };
		5244DCAC1D944F1800682332 /* skull.wav in Resources */ = {isa = PBXBuildFile; fileRef = 5244DCA71D944F1800682332 /* skull.wav */; };
		52CFA28F1D8D96D000217C03 /* DragImg.swift in Sources */ = {isa = PBXBuildFile; fileRef = 52CFA28E1D8D96D000217C03 /* DragImg.swift */; };
		52CFA2911D8DAB7300217C03 /* Monster.swift in Sources */ = {isa = PBXBuildFile; fileRef = 52CFA2901D8DAB7300217C03 /* Monster.swift */; };
/* End PBXBuildFile section */

/* Begin PBXFileReference section */
		52070BBC1D783EA000F68074 /* Monster Game.app */ = {isa = PBXFileReference; explicitFileType = wrapper.application; includeInIndex = 0; path = "Monster Game.app"; sourceTree = BUILT_PRODUCTS_DIR; };
		52070BBF1D783EA000F68074 /* AppDelegate.swift */ = {isa = PBXFileReference; lastKnownFileType = sourcecode.swift; path = AppDelegate.swift; sourceTree = "<group>"; };
		52070BC11D783EA000F68074 /* ViewController.swift */ = {isa = PBXFileReference; lastKnownFileType = sourcecode.swift; path = ViewController.swift; sourceTree = "<group>"; };
		52070BC41D783EA000F68074 /* Base */ = {isa = PBXFileReference; lastKnownFileType = file.storyboard; name = Base; path = Base.lproj/Main.storyboard; sourceTree = "<group>"; };
		52070BC61D783EA000F68074 /* Assets.xcassets */ = {isa = PBXFileReference; lastKnownFileType = folder.assetcatalog; path = Assets.xcassets; sourceTree = "<group>"; };
		52070BC91D783EA000F68074 /* Base */ = {isa = PBXFileReference; lastKnownFileType = file.storyboard; name = Base; path = Base.lproj/LaunchScreen.storyboard; sourceTree = "<group>"; };
		52070BCB1D783EA000F68074 /* Info.plist */ = {isa = PBXFileReference; lastKnownFileType = text.plist.xml; path = Info.plist; sourceTree = "<group>"; };
		5244DCA31D944F1800682332 /* bite.wav */ = {isa = PBXFileReference; lastKnownFileType = audio.wav; name = bite.wav; path = ../bite.wav; sourceTree = "<group>"; };
		5244DCA41D944F1800682332 /* cave-music.mp3 */ = {isa = PBXFileReference; lastKnownFileType = audio.mp3; name = "cave-music.mp3"; path = "../cave-music.mp3"; sourceTree = "<group>"; };
		5244DCA51D944F1800682332 /* death.wav */ = {isa = PBXFileReference; lastKnownFileType = audio.wav; name = death.wav; path = ../death.wav; sourceTree = "<group>"; };
		5244DCA61D944F1800682332 /* heart.wav */ = {isa = PBXFileReference; lastKnownFileType = audio.wav; name = heart.wav; path = ../heart.wav; sourceTree = "<group>"; };
		5244DCA71D944F1800682332 /* skull.wav */ = {isa = PBXFileReference; lastKnownFileType = audio.wav; name = skull.wav; path = ../skull.wav; sourceTree = "<group>"; };
		52CFA28E1D8D96D000217C03 /* DragImg.swift */ = {isa = PBXFileReference; fileEncoding = 4; lastKnownFileType = sourcecode.swift; path = DragImg.swift; sourceTree = "<group>"; };
		52CFA2901D8DAB7300217C03 /* Monster.swift */ = {isa = PBXFileReference; fileEncoding = 4; lastKnownFileType = sourcecode.swift; path = Monster.swift; sourceTree = "<group>"; };
/* End PBXFileReference section */

/* Begin PBXFrameworksBuildPhase section */
		52070BB91D783EA000F68074 /* Frameworks */ = {
			isa = PBXFrameworksBuildPhase;
			buildActionMask = 2147483647;
			files = (
			);
			runOnlyForDeploymentPostprocessing = 0;
		};
/* End PBXFrameworksBuildPhase section */

/* Begin PBXGroup section */
		52070BB31D783EA000F68074 = {
			isa = PBXGroup;
			children = (
				52070BBE1D783EA000F68074 /* Monster Game */,
				52070BBD1D783EA000F68074 /* Products */,
			);
			sourceTree = "<group>";
		};
		52070BBD1D783EA000F68074 /* Products */ = {
			isa = PBXGroup;
			children = (
				52070BBC1D783EA000F68074 /* Monster Game.app */,
			);
			name = Products;
			sourceTree = "<group>";
		};
		52070BBE1D783EA000F68074 /* Monster Game */ = {
			isa = PBXGroup;
			children = (
				52070BBF1D783EA000F68074 /* AppDelegate.swift */,
				5244DCA31D944F1800682332 /* bite.wav */,
				5244DCA41D944F1800682332 /* cave-music.mp3 */,
				5244DCA51D944F1800682332 /* death.wav */,
				5244DCA61D944F1800682332 /* heart.wav */,
				5244DCA71D944F1800682332 /* skull.wav */,
				52070BC11D783EA000F68074 /* ViewController.swift */,
				52070BC31D783EA000F68074 /* Main.storyboard */,
				52070BC61D783EA000F68074 /* Assets.xcassets */,
				52070BC81D783EA000F68074 /* LaunchScreen.storyboard */,
				52070BCB1D783EA000F68074 /* Info.plist */,
				52CFA28E1D8D96D000217C03 /* DragImg.swift */,
				52CFA2901D8DAB7300217C03 /* Monster.swift */,
			);
			path = "Monster Game";
			sourceTree = "<group>";
		};
/* End PBXGroup section */

/* Begin PBXNativeTarget section */
		52070BBB1D783EA000F68074 /* Monster Game */ = {
			isa = PBXNativeTarget;
			buildConfigurationList = 52070BCE1D783EA000F68074 /* Build configuration list for PBXNativeTarget "Monster Game" */;
			buildPhases = (
				52070BB81D783EA000F68074 /* Sources */,
				52070BB91D783EA000F68074 /* Frameworks */,
				52070BBA1D783EA000F68074 /* Resources */,
			);
			buildRules = (
			);
			dependencies = (
			);
			name = "Monster Game";
			productName = "Monster Game";
			productReference = 52070BBC1D783EA000F68074 /* Monster Game.app */;
			productType = "com.apple.product-type.application";
		};
/* End PBXNativeTarget section */

/* Begin PBXProject section */
		52070BB41D783EA000F68074 /* Project object */ = {
			isa = PBXProject;
			attributes = {
				LastSwiftUpdateCheck = 0730;
				LastUpgradeCheck = 0730;
				ORGANIZATIONNAME = "Rohit Rajput";
				TargetAttributes = {
					52070BBB1D783EA000F68074 = {
						CreatedOnToolsVersion = 7.3.1;
					};
				};
			};
			buildConfigurationList = 52070BB71D783EA000F68074 /* Build configuration list for PBXProject "Monster Game" */;
			compatibilityVersion = "Xcode 3.2";
			developmentRegion = English;
			hasScannedForEncodings = 0;
			knownRegions = (
				en,
				Base,
			);
			mainGroup = 52070BB31D783EA000F68074;
			productRefGroup = 52070BBD1D783EA000F68074 /* Products */;
			projectDirPath = "";
			projectRoot = "";
			targets = (
				52070BBB1D783EA000F68074 /* Monster Game */,
			);
		};
/* End PBXProject section */

/* Begin PBXResourcesBuildPhase section */
		52070BBA1D783EA000F68074 /* Resources */ = {
			isa = PBXResourcesBuildPhase;
			buildActionMask = 2147483647;
			files = (
				5244DCAC1D944F1800682332 /* skull.wav in Resources */,
				5244DCA81D944F1800682332 /* bite.wav in Resources */,
				5244DCAA1D944F1800682332 /* death.wav in Resources */,
				5244DCAB1D944F1800682332 /* heart.wav in Resources */,
				5244DCA91D944F1800682332 /* cave-music.mp3 in Resources */,
				52070BCA1D783EA000F68074 /* LaunchScreen.storyboard in Resources */,
				52070BC71D783EA000F68074 /* Assets.xcassets in Resources */,
				52070BC51D783EA000F68074 /* Main.storyboard in Resources */,
			);
			runOnlyForDeploymentPostprocessing = 0;
		};
/* End PBXResourcesBuildPhase section */

/* Begin PBXSourcesBuildPhase section */
		52070BB81D783EA000F68074 /* Sources */ = {
			isa = PBXSourcesBuildPhase;
			buildActionMask = 2147483647;
			files = (
				52CFA2911D8DAB7300217C03 /* Monster.swift in Sources */,
				52CFA28F1D8D96D000217C03 /* DragImg.swift in Sources */,
				52070BC21D783EA000F68074 /* ViewController.swift in Sources */,
				52070BC01D783EA000F68074 /* AppDelegate.swift in Sources */,
			);
			runOnlyForDeploymentPostprocessing = 0;
		};
/* End PBXSourcesBuildPhase section */

/* Begin PBXVariantGroup section */
		52070BC31D783EA000F68074 /* Main.storyboard */ = {
			isa = PBXVariantGroup;
			children = (
				52070BC41D783EA000F68074 /* Base */,
			);
			name = Main.storyboard;
			sourceTree = "<group>";
		};
		52070BC81D783EA000F68074 /* LaunchScreen.storyboard */ = {
			isa = PBXVariantGroup;
			children = (
				52070BC91D783EA000F68074 /* Base */,
			);
			name = LaunchScreen.storyboard;
			sourceTree = "<group>";
		};
/* End PBXVariantGroup section */

/* Begin XCBuildConfiguration section */
		52070BCC1D783EA000F68074 /* Debug */ = {
			isa = XCBuildConfiguration;
			buildSettings = {
				ALWAYS_SEARCH_USER_PATHS = NO;
				CLANG_ANALYZER_NONNULL = YES;
				CLANG_CXX_LANGUAGE_STANDARD = "gnu++0x";
				CLANG_CXX_LIBRARY = "libc++";
				CLANG_ENABLE_MODULES = YES;
				CLANG_ENABLE_OBJC_ARC = YES;
				CLANG_WARN_BOOL_CONVERSION = YES;
				CLANG_WARN_CONSTANT_CONVERSION = YES;
				CLANG_WARN_DIRECT_OBJC_ISA_USAGE = YES_ERROR;
				CLANG_WARN_EMPTY_BODY = YES;
				CLANG_WARN_ENUM_CONVERSION = YES;
				CLANG_WARN_INT_CONVERSION = YES;
				CLANG_WARN_OBJC_ROOT_CLASS = YES_ERROR;
				CLANG_WARN_UNREACHABLE_CODE = YES;
				CLANG_WARN__DUPLICATE_METHOD_MATCH = YES;
				"CODE_SIGN_IDENTITY[sdk=iphoneos*]" = "iPhone Developer";
				COPY_PHASE_STRIP = NO;
				DEBUG_INFORMATION_FORMAT = dwarf;
				ENABLE_STRICT_OBJC_MSGSEND = YES;
				ENABLE_TESTABILITY = YES;
				GCC_C_LANGUAGE_STANDARD = gnu99;
				GCC_DYNAMIC_NO_PIC = NO;
				GCC_NO_COMMON_BLOCKS = YES;
				GCC_OPTIMIZATION_LEVEL = 0;
				GCC_PREPROCESSOR_DEFINITIONS = (
					"DEBUG=1",
					"$(inherited)",
				);
				GCC_WARN_64_TO_32_BIT_CONVERSION = YES;
				GCC_WARN_ABOUT_RETURN_TYPE = YES_ERROR;
				GCC_WARN_UNDECLARED_SELECTOR = YES;
				GCC_WARN_UNINITIALIZED_AUTOS = YES_AGGRESSIVE;
				GCC_WARN_UNUSED_FUNCTION = YES;
				GCC_WARN_UNUSED_VARIABLE = YES;
				IPHONEOS_DEPLOYMENT_TARGET = 9.3;
				MTL_ENABLE_DEBUG_INFO = YES;
				ONLY_ACTIVE_ARCH = YES;
				SDKROOT = iphoneos;
				SWIFT_OPTIMIZATION_LEVEL = "-Onone";
				TARGETED_DEVICE_FAMILY = "1,2";
			};
			name = Debug;
		};
		52070BCD1D783EA000F68074 /* Release */ = {
			isa = XCBuildConfiguration;
			buildSettings = {
				ALWAYS_SEARCH_USER_PATHS = NO;
				CLANG_ANALYZER_NONNULL = YES;
				CLANG_CXX_LANGUAGE_STANDARD = "gnu++0x";
				CLANG_CXX_LIBRARY = "libc++";
				CLANG_ENABLE_MODULES = YES;
				CLANG_ENABLE_OBJC_ARC = YES;
				CLANG_WARN_BOOL_CONVERSION = YES;
				CLANG_WARN_CONSTANT_CONVERSION = YES;
				CLANG_WARN_DIRECT_OBJC_ISA_USAGE = YES_ERROR;
				CLANG_WARN_EMPTY_BODY = YES;
				CLANG_WARN_ENUM_CONVERSION = YES;
				CLANG_WARN_INT_CONVERSION = YES;
				CLANG_WARN_OBJC_ROOT_CLASS = YES_ERROR;
				CLANG_WARN_UNREACHABLE_CODE = YES;
				CLANG_WARN__DUPLICATE_METHOD_MATCH = YES;
				"CODE_SIGN_IDENTITY[sdk=iphoneos*]" = "iPhone Developer";
				COPY_PHASE_STRIP = NO;
				DEBUG_INFORMATION_FORMAT = "dwarf-with-dsym";
				ENABLE_NS_ASSERTIONS = NO;
				ENABLE_STRICT_OBJC_MSGSEND = YES;
				GCC_C_LANGUAGE_STANDARD = gnu99;
				GCC_NO_COMMON_BLOCKS = YES;
				GCC_WARN_64_TO_32_BIT_CONVERSION = YES;
				GCC_WARN_ABOUT_RETURN_TYPE = YES_ERROR;
				GCC_WARN_UNDECLARED_SELECTOR = YES;
				GCC_WARN_UNINITIALIZED_AUTOS = YES_AGGRESSIVE;
				GCC_WARN_UNUSED_FUNCTION = YES;
				GCC_WARN_UNUSED_VARIABLE = YES;
				IPHONEOS_DEPLOYMENT_TARGET = 9.3;
				MTL_ENABLE_DEBUG_INFO = NO;
				SDKROOT = iphoneos;
				TARGETED_DEVICE_FAMILY = "1,2";
				VALIDATE_PRODUCT = YES;
			};
			name = Release;
		};
		52070BCF1D783EA000F68074 /* Debug */ = {
			isa = XCBuildConfiguration;
			buildSettings = {
				ASSETCATALOG_COMPILER_APPICON_NAME = AppIcon;
				INFOPLIST_FILE = "Monster Game/Info.plist";
				LD_RUNPATH_SEARCH_PATHS = "$(inherited) @executable_path/Frameworks";
				PRODUCT_BUNDLE_IDENTIFIER = "com.xyz.Monster-Game";
				PRODUCT_NAME = "$(TARGET_NAME)";
			};
			name = Debug;
		};
		52070BD01D783EA000F68074 /* Release */ = {
			isa = XCBuildConfiguration;
			buildSettings = {
				ASSETCATALOG_COMPILER_APPICON_NAME = AppIcon;
				INFOPLIST_FILE = "Monster Game/Info.plist";
				LD_RUNPATH_SEARCH_PATHS = "$(inherited) @executable_path/Frameworks";
				PRODUCT_BUNDLE_IDENTIFIER = "com.xyz.Monster-Game";
				PRODUCT_NAME = "$(TARGET_NAME)";
			};
			name = Release;
		};
/* End XCBuildConfiguration section */

/* Begin XCConfigurationList section */
		52070BB71D783EA000F68074 /* Build configuration list for PBXProject "Monster Game" */ = {
			isa = XCConfigurationList;
			buildConfigurations = (
				52070BCC1D783EA000F68074 /* Debug */,
				52070BCD1D783EA000F68074 /* Release */,
			);
			defaultConfigurationIsVisible = 0;
			defaultConfigurationName = Release;
		};
		52070BCE1D783EA000F68074 /* Build configuration list for PBXNativeTarget "Monster Game" */ = {
			isa = XCConfigurationList;
			buildConfigurations = (
				52070BCF1D783EA000F68074 /* Debug */,
				52070BD01D783EA000F68074 /* Release */,
			);
			defaultConfigurationIsVisible = 0;
			defaultConfigurationName = Release;
		};
/* End XCConfigurationList section */
	};
	rootObject = 52070BB41D783EA000F68074 /* Project object */;
}
